{
    "version": 3,
    "terraform_version": "0.11.13",
    "serial": 26,
    "lineage": "fe253ae7-9869-6b8d-8584-e3e82d25442b",
    "modules": [
        {
            "path": [
                "root"
            ],
            "outputs": {},
            "resources": {
                "aws_instance.example": {
                    "type": "aws_instance",
                    "depends_on": [
                        "aws_key_pair.mykey"
                    ],
                    "primary": {
                        "id": "i-0d50efb2e9028d7b7",
                        "attributes": {
                            "ami": "ami-06832d84cd1dbb448",
                            "arn": "arn:aws:ec2:ap-south-1:730607943439:instance/i-0d50efb2e9028d7b7",
                            "associate_public_ip_address": "true",
                            "availability_zone": "ap-south-1a",
                            "cpu_core_count": "1",
                            "cpu_threads_per_core": "1",
                            "credit_specification.#": "1",
                            "credit_specification.0.cpu_credits": "standard",
                            "disable_api_termination": "false",
                            "ebs_block_device.#": "0",
                            "ebs_optimized": "false",
                            "ephemeral_block_device.#": "0",
                            "get_password_data": "false",
                            "iam_instance_profile": "",
                            "id": "i-0d50efb2e9028d7b7",
                            "instance_state": "running",
                            "instance_type": "t2.micro",
                            "ipv6_address_count": "0",
                            "ipv6_addresses.#": "0",
                            "key_name": "mykey",
                            "monitoring": "false",
                            "network_interface.#": "0",
                            "password_data": "",
                            "placement_group": "",
                            "primary_network_interface_id": "eni-04f2ff4f59d8f4d76",
                            "private_dns": "ip-172-31-30-209.ap-south-1.compute.internal",
                            "private_ip": "172.31.30.209",
                            "public_dns": "ec2-13-126-218-50.ap-south-1.compute.amazonaws.com",
                            "public_ip": "13.126.218.50",
                            "root_block_device.#": "1",
                            "root_block_device.0.delete_on_termination": "true",
                            "root_block_device.0.iops": "100",
                            "root_block_device.0.volume_id": "vol-026029fc1e09ca118",
                            "root_block_device.0.volume_size": "20",
                            "root_block_device.0.volume_type": "gp2",
                            "security_groups.#": "1",
                            "security_groups.3814588639": "default",
                            "source_dest_check": "true",
                            "subnet_id": "subnet-4a90d022",
                            "tags.%": "0",
                            "tenancy": "default",
                            "volume_tags.%": "0",
                            "vpc_security_group_ids.#": "1",
                            "vpc_security_group_ids.1159423115": "sg-aae090c0"
                        },
                        "meta": {
                            "e2bfb730-ecaa-11e6-8f88-34363bc7c4c0": {
                                "create": 600000000000,
                                "delete": 1200000000000,
                                "update": 600000000000
                            },
                            "schema_version": "1"
                        },
                        "tainted": false
                    },
                    "deposed": [],
                    "provider": "provider.aws"
                },
                "aws_key_pair.mykey": {
                    "type": "aws_key_pair",
                    "depends_on": [],
                    "primary": {
                        "id": "mykey",
                        "attributes": {
                            "fingerprint": "f9:af:42:71:07:63:f5:a1:5e:d1:be:c8:cc:be:0b:6f",
                            "id": "mykey",
                            "key_name": "mykey",
                            "public_key": "---- BEGIN SSH2 PUBLIC KEY ----\nComment: \"rsa-key-20190629\"\nAAAAB3NzaC1yc2EAAAABJQAAAQEAhMuvtxLfMKCNRsqGbkvCrp1Lmf7GSLP4tTuj\n+J1YC1+qN5r/djN10v9x1xD/87ArZNzJpwsQZkhCn1StYz7c4qfX7GtQoW+wf3IE\nDlIa6OnYrvYRPJLLDVBBuYhPKNsk85gmnTq0+Yw5S6a/dUOMrZJ6lmqbqU7jZFru\nBs6KNCRoeS5BaA+GE1GLRbAI8idn8oZqqPJhO8gIvuHk95poqLG95XlkXIz83NDI\nXCdWYounm0s9/+1RJ0rgfB8JaWU0fjYOPpdegzvvi9aSMn09oET3fLf5A90VIuub\n3Bw2DXGXZx1HowQB1SycBHzaAMb8IUSU3kQ7r2XdCfnZT3r7Dw==\n---- END SSH2 PUBLIC KEY ----"
                        },
                        "meta": {
                            "schema_version": "1"
                        },
                        "tainted": false
                    },
                    "deposed": [],
                    "provider": "provider.aws"
                }
            },
            "depends_on": []
        }
    ]
}
